
Microsoft Visual Studio Solution File, Format Version 12.00
# Visual Studio Version 16
VisualStudioVersion = 16.0.31005.135
MinimumVisualStudioVersion = 10.0.40219.1
Project("{FAE04EC0-301F-11D3-BF4B-00C04F79EFBC}") = "EscapeTheRoom", "EscapeTheRoom\EscapeTheRoom.csproj", "{FEE5E64A-152F-47C4-A703-6FCE3869B983}"
EndProject
Global
	GlobalSection(SolutionConfigurationPlatforms) = preSolution
		Debug|Any CPU = Debug|Any CPU
		Release|Any CPU = Release|Any CPU
	EndGlobalSection
	GlobalSection(ProjectConfigurationPlatforms) = postSolution
		{FEE5E64A-152F-47C4-A703-6FCE3869B983}.Debug|Any CPU.ActiveCfg = Debug|Any CPU
		{FEE5E64A-152F-47C4-A703-6FCE3869B983}.Debug|Any CPU.Build.0 = Debug|Any CPU
		{FEE5E64A-152F-47C4-A703-6FCE3869B983}.Release|Any CPU.ActiveCfg = Release|Any CPU
		{FEE5E64A-152F-47C4-A703-6FCE3869B983}.Release|Any CPU.Build.0 = Release|Any CPU
	EndGlobalSection
	GlobalSection(SolutionProperties) = preSolution
		HideSolutionNode = FALSE
	EndGlobalSection
	GlobalSection(ExtensibilityGlobals) = postSolution
		SolutionGuid = {CF4FA543-FFED-4183-B73A-E6196ADADC32}
	EndGlobalSection
EndGlobal
